<?xml version="1.0" encoding="utf-8"?>
<Project ToolsVersion="4.0" xmlns="http://schemas.microsoft.com/developer/msbuild/2003">
  <ItemGroup>
    <Filter Include="Core">
      <UniqueIdentifier>{23a81bce-46aa-4064-b6d0-b8e83c28d3af}</UniqueIdentifier>
    </Filter>
    <Filter Include="Core\Components">
      <UniqueIdentifier>{d8a5d9ef-ddc8-484d-bff5-ffd8291b185c}</UniqueIdentifier>
    </Filter>
    <Filter Include="Core\DirectXTK">
      <UniqueIdentifier>{8311f05d-7676-4fa9-9214-a3bbe339d541}</UniqueIdentifier>
    </Filter>
    <Filter Include="Core\External">
      <UniqueIdentifier>{6f60f36e-96a1-4281-97ec-03a54c6fe43c}</UniqueIdentifier>
    </Filter>
    <Filter Include="KatamariScripts">
      <UniqueIdentifier>{d8ed6e82-e972-4d03-8066-0b3c3163e0e6}</UniqueIdentifier>
    </Filter>
    <Filter Include="Core\Components\RendererComponents">
      <UniqueIdentifier>{f510acfb-b5be-4595-8a0b-aded390da0f4}</UniqueIdentifier>
    </Filter>
  </ItemGroup>
  <ItemGroup>
    <ClCompile Include="Core\External\Delegates.cpp">
      <Filter>Core\External</Filter>
    </ClCompile>
    <ClCompile Include="Core\External\InputDevice.cpp">
      <Filter>Core\External</Filter>
    </ClCompile>
    <ClCompile Include="Core\DirectXTK\SimpleMath.cpp">
      <Filter>Core\DirectXTK</Filter>
    </ClCompile>
    <ClCompile Include="Core\Components\Camera.cpp">
      <Filter>Core\Components</Filter>
    </ClCompile>
    <ClCompile Include="Core\DisplayWin.cpp">
      <Filter>Core</Filter>
    </ClCompile>
    <ClCompile Include="Core\Game.cpp">
      <Filter>Core</Filter>
    </ClCompile>
    <ClCompile Include="Core\GameComponent.cpp">
      <Filter>Core</Filter>
    </ClCompile>
    <ClCompile Include="Core\ShaderManager.cpp">
      <Filter>Core</Filter>
    </ClCompile>
    <ClCompile Include="main.cpp" />
    <ClCompile Include="Core\GameObject.cpp">
      <Filter>Core</Filter>
    </ClCompile>
    <ClCompile Include="Core\Components\Transform.cpp">
      <Filter>Core\Components</Filter>
    </ClCompile>
    <ClCompile Include="Core\Components\RendererComponent.cpp">
      <Filter>Core\Components</Filter>
    </ClCompile>
    <ClCompile Include="KatamariScripts\KatamariBall.cpp">
      <Filter>KatamariScripts</Filter>
    </ClCompile>
    <ClCompile Include="KatamariScripts\KatamariBallController.cpp">
      <Filter>KatamariScripts</Filter>
    </ClCompile>
    <ClCompile Include="KatamariScripts\KatamariCameraController.cpp">
      <Filter>KatamariScripts</Filter>
    </ClCompile>
    <ClCompile Include="Core\Components\RendererComponents\GridComponent.cpp">
      <Filter>Core\Components\RendererComponents</Filter>
    </ClCompile>
    <ClCompile Include="Core\Components\RendererComponents\SphereComponent.cpp">
      <Filter>Core\Components\RendererComponents</Filter>
    </ClCompile>
  </ItemGroup>
  <ItemGroup>
    <ClInclude Include="Core\External\Delegates.h">
      <Filter>Core\External</Filter>
    </ClInclude>
    <ClInclude Include="Core\External\InputDevice.h">
      <Filter>Core\External</Filter>
    </ClInclude>
    <ClInclude Include="Core\External\Keys.h">
      <Filter>Core\External</Filter>
    </ClInclude>
    <ClInclude Include="Core\DirectXTK\PlatformHelpers.h">
      <Filter>Core\DirectXTK</Filter>
    </ClInclude>
    <ClInclude Include="Core\DirectXTK\SimpleMath.h">
      <Filter>Core\DirectXTK</Filter>
    </ClInclude>
    <ClInclude Include="Core\Components\Camera.h">
      <Filter>Core\Components</Filter>
    </ClInclude>
    <ClInclude Include="Core\DisplayWin.h">
      <Filter>Core</Filter>
    </ClInclude>
    <ClInclude Include="Core\Game.h">
      <Filter>Core</Filter>
    </ClInclude>
    <ClInclude Include="Core\GameComponent.h">
      <Filter>Core</Filter>
    </ClInclude>
    <ClInclude Include="Core\ShaderManager.h">
      <Filter>Core</Filter>
    </ClInclude>
    <ClInclude Include="Core\GameObject.h">
      <Filter>Core</Filter>
    </ClInclude>
    <ClInclude Include="Core\MinimalCore.h">
      <Filter>Core</Filter>
    </ClInclude>
    <ClInclude Include="Core\Components\Transform.h">
      <Filter>Core\Components</Filter>
    </ClInclude>
    <ClInclude Include="Core\Components\RendererComponent.h">
      <Filter>Core\Components</Filter>
    </ClInclude>
    <ClInclude Include="KatamariScripts\KatamariBall.h">
      <Filter>KatamariScripts</Filter>
    </ClInclude>
    <ClInclude Include="KatamariScripts\KatamariBallController.h">
      <Filter>KatamariScripts</Filter>
    </ClInclude>
    <ClInclude Include="KatamariScripts\KatamariCameraController.h">
      <Filter>KatamariScripts</Filter>
    </ClInclude>
    <ClInclude Include="Core\Components\RendererComponents\GridComponent.h">
      <Filter>Core\Components\RendererComponents</Filter>
    </ClInclude>
    <ClInclude Include="Core\Components\RendererComponents\SphereComponent.h">
      <Filter>Core\Components\RendererComponents</Filter>
    </ClInclude>
  </ItemGroup>
  <ItemGroup>
    <Natvis Include="Core\External\Delegates.natvis">
      <Filter>Core\External</Filter>
    </Natvis>
  </ItemGroup>
  <ItemGroup>
    <None Include="Core\DirectXTK\SimpleMath.inl">
      <Filter>Core\DirectXTK</Filter>
    </None>
    <None Include="packages.config" />
  </ItemGroup>
</Project>